
Microsoft Visual Studio Solution File, Format Version 12.00
# Visual Studio Version 16
VisualStudioVersion = 16.0.29201.188
MinimumVisualStudioVersion = 10.0.40219.1
Project("{FAE04EC0-301F-11D3-BF4B-00C04F79EFBC}") = "GameOfLife", "GameOfLife\GameOfLife.csproj", "{1FB25209-2A77-4D87-934C-E5CF6E968CF3}"
EndProject
Global
	GlobalSection(SolutionConfigurationPlatforms) = preSolution
		Debug|Any CPU = Debug|Any CPU
		Release|Any CPU = Release|Any CPU
	EndGlobalSection
	GlobalSection(ProjectConfigurationPlatforms) = postSolution
		{1FB25209-2A77-4D87-934C-E5CF6E968CF3}.Debug|Any CPU.ActiveCfg = Debug|Any CPU
		{1FB25209-2A77-4D87-934C-E5CF6E968CF3}.Debug|Any CPU.Build.0 = Debug|Any CPU
		{1FB25209-2A77-4D87-934C-E5CF6E968CF3}.Release|Any CPU.ActiveCfg = Release|Any CPU
		{1FB25209-2A77-4D87-934C-E5CF6E968CF3}.Release|Any CPU.Build.0 = Release|Any CPU
	EndGlobalSection
	GlobalSection(SolutionProperties) = preSolution
		HideSolutionNode = FALSE
	EndGlobalSection
	GlobalSection(ExtensibilityGlobals) = postSolution
		SolutionGuid = {2AD0DB9B-180F-4A33-997F-ECB676191D8B}
	EndGlobalSection
EndGlobal
